{
  "name": "kommunsign",
  "version": "0.1.0",
  "lockfileVersion": 3,
  "requires": true,
  "packages": {
    "": {
      "name": "kommunsign",
      "version": "0.1.0",
      "bin": {
        "kommunsign-verify": "scripts/kommunsign-verify.mjs"
      },
      "engines": {
        "node": ">=22.0.0"
      }
    }
  }
}
